
Microsoft Visual Studio Solution File, Format Version 12.00
# Visual Studio Version 16
VisualStudioVersion = 16.0.34301.259
MinimumVisualStudioVersion = 10.0.40219.1
Project("{FAE04EC0-301F-11D3-BF4B-00C04F79EFBC}") = "Three_Layer_Architecture", "Three_Layer_Architecture\Three_Layer_Architecture.csproj", "{A5388E8D-AA8F-44ED-9632-39BC1CFA6388}"
EndProject
Project("{FAE04EC0-301F-11D3-BF4B-00C04F79EFBC}") = "Common", "Common\Common.csproj", "{D9CFCF91-175B-4DFC-968B-15F33A1B9B97}"
EndProject
Project("{FAE04EC0-301F-11D3-BF4B-00C04F79EFBC}") = "Data", "Data\Data.csproj", "{42B69D2B-9D33-4A29-97DB-53B02A162C2B}"
EndProject
Project("{FAE04EC0-301F-11D3-BF4B-00C04F79EFBC}") = "DAL", "DAL\DAL.csproj", "{DCD3087C-370A-4711-972B-7402115D222D}"
EndProject
Project("{FAE04EC0-301F-11D3-BF4B-00C04F79EFBC}") = "BLL", "BLL\BLL.csproj", "{4D3D144C-9D12-4F9C-8319-952D254F2E0F}"
EndProject
Global
	GlobalSection(SolutionConfigurationPlatforms) = preSolution
		Debug|Any CPU = Debug|Any CPU
		Release|Any CPU = Release|Any CPU
	EndGlobalSection
	GlobalSection(ProjectConfigurationPlatforms) = postSolution
		{A5388E8D-AA8F-44ED-9632-39BC1CFA6388}.Debug|Any CPU.ActiveCfg = Debug|Any CPU
		{A5388E8D-AA8F-44ED-9632-39BC1CFA6388}.Debug|Any CPU.Build.0 = Debug|Any CPU
		{A5388E8D-AA8F-44ED-9632-39BC1CFA6388}.Release|Any CPU.ActiveCfg = Release|Any CPU
		{A5388E8D-AA8F-44ED-9632-39BC1CFA6388}.Release|Any CPU.Build.0 = Release|Any CPU
		{D9CFCF91-175B-4DFC-968B-15F33A1B9B97}.Debug|Any CPU.ActiveCfg = Debug|Any CPU
		{D9CFCF91-175B-4DFC-968B-15F33A1B9B97}.Debug|Any CPU.Build.0 = Debug|Any CPU
		{D9CFCF91-175B-4DFC-968B-15F33A1B9B97}.Release|Any CPU.ActiveCfg = Release|Any CPU
		{D9CFCF91-175B-4DFC-968B-15F33A1B9B97}.Release|Any CPU.Build.0 = Release|Any CPU
		{42B69D2B-9D33-4A29-97DB-53B02A162C2B}.Debug|Any CPU.ActiveCfg = Debug|Any CPU
		{42B69D2B-9D33-4A29-97DB-53B02A162C2B}.Debug|Any CPU.Build.0 = Debug|Any CPU
		{42B69D2B-9D33-4A29-97DB-53B02A162C2B}.Release|Any CPU.ActiveCfg = Release|Any CPU
		{42B69D2B-9D33-4A29-97DB-53B02A162C2B}.Release|Any CPU.Build.0 = Release|Any CPU
		{DCD3087C-370A-4711-972B-7402115D222D}.Debug|Any CPU.ActiveCfg = Debug|Any CPU
		{DCD3087C-370A-4711-972B-7402115D222D}.Debug|Any CPU.Build.0 = Debug|Any CPU
		{DCD3087C-370A-4711-972B-7402115D222D}.Release|Any CPU.ActiveCfg = Release|Any CPU
		{DCD3087C-370A-4711-972B-7402115D222D}.Release|Any CPU.Build.0 = Release|Any CPU
		{4D3D144C-9D12-4F9C-8319-952D254F2E0F}.Debug|Any CPU.ActiveCfg = Debug|Any CPU
		{4D3D144C-9D12-4F9C-8319-952D254F2E0F}.Debug|Any CPU.Build.0 = Debug|Any CPU
		{4D3D144C-9D12-4F9C-8319-952D254F2E0F}.Release|Any CPU.ActiveCfg = Release|Any CPU
		{4D3D144C-9D12-4F9C-8319-952D254F2E0F}.Release|Any CPU.Build.0 = Release|Any CPU
	EndGlobalSection
	GlobalSection(SolutionProperties) = preSolution
		HideSolutionNode = FALSE
	EndGlobalSection
	GlobalSection(ExtensibilityGlobals) = postSolution
		SolutionGuid = {84C5FFE1-50A7-453E-B449-CEB3AFBCE98A}
	EndGlobalSection
EndGlobal
